// !$*UTF8*$!
{
	archiveVersion = 1;
	classes = {
	};
	objectVersion = 55;
	objects = {

/* Begin PBXBuildFile section */
		441A91692857756100385F31 /* thumb_modern_img@2x.png in Resources */ = {isa = PBXBuildFile; fileRef = 441A915D2857756100385F31 /* thumb_modern_img@2x.png */; };
		441A916A2857756100385F31 /* thumb_classic_img@3x.png in Resources */ = {isa = PBXBuildFile; fileRef = 441A915E2857756100385F31 /* thumb_classic_img@3x.png */; };
		441A916B2857756100385F31 /* thumb_modern_img.png in Resources */ = {isa = PBXBuildFile; fileRef = 441A915F2857756100385F31 /* thumb_modern_img.png */; };
		441A916C2857756100385F31 /* max_track_img@2x.png in Resources */ = {isa = PBXBuildFile; fileRef = 441A91602857756100385F31 /* max_track_img@2x.png */; };
		441A916D2857756100385F31 /* thumb_classic_img.png in Resources */ = {isa = PBXBuildFile; fileRef = 441A91612857756100385F31 /* thumb_classic_img.png */; };
		441A916E2857756100385F31 /* min_track_img.png in Resources */ = {isa = PBXBuildFile; fileRef = 441A91622857756100385F31 /* min_track_img.png */; };
		441A916F2857756100385F31 /* thumb_classic_img@2x.png in Resources */ = {isa = PBXBuildFile; fileRef = 441A91632857756100385F31 /* thumb_classic_img@2x.png */; };
		441A91702857756100385F31 /* min_track_img@3x.png in Resources */ = {isa = PBXBuildFile; fileRef = 441A91642857756100385F31 /* min_track_img@3x.png */; };
		441A91712857756100385F31 /* max_track_img.png in Resources */ = {isa = PBXBuildFile; fileRef = 441A91652857756100385F31 /* max_track_img.png */; };
		441A91722857756100385F31 /* thumb_modern_img@3x.png in Resources */ = {isa = PBXBuildFile; fileRef = 441A91662857756100385F31 /* thumb_modern_img@3x.png */; };
		441A91732857756100385F31 /* min_track_img@2x.png in Resources */ = {isa = PBXBuildFile; fileRef = 441A91672857756100385F31 /* min_track_img@2x.png */; };
		441A91742857756100385F31 /* max_track_img@3x.png in Resources */ = {isa = PBXBuildFile; fileRef = 441A91682857756100385F31 /* max_track_img@3x.png */; };
		441A91782857758E00385F31 /* BDSteppedSlider.swift in Sources */ = {isa = PBXBuildFile; fileRef = 441A91772857758E00385F31 /* BDSteppedSlider.swift */; };
/* End PBXBuildFile section */

/* Begin PBXFileReference section */
		44110A6428563A5800CA27D0 /* BDSteppedSlider.framework */ = {isa = PBXFileReference; explicitFileType = wrapper.framework; includeInIndex = 0; path = BDSteppedSlider.framework; sourceTree = BUILT_PRODUCTS_DIR; };
		441A915D2857756100385F31 /* thumb_modern_img@2x.png */ = {isa = PBXFileReference; lastKnownFileType = image.png; path = "thumb_modern_img@2x.png"; sourceTree = "<group>"; };
		441A915E2857756100385F31 /* thumb_classic_img@3x.png */ = {isa = PBXFileReference; lastKnownFileType = image.png; path = "thumb_classic_img@3x.png"; sourceTree = "<group>"; };
		441A915F2857756100385F31 /* thumb_modern_img.png */ = {isa = PBXFileReference; lastKnownFileType = image.png; path = thumb_modern_img.png; sourceTree = "<group>"; };
		441A91602857756100385F31 /* max_track_img@2x.png */ = {isa = PBXFileReference; lastKnownFileType = image.png; path = "max_track_img@2x.png"; sourceTree = "<group>"; };
		441A91612857756100385F31 /* thumb_classic_img.png */ = {isa = PBXFileReference; lastKnownFileType = image.png; path = thumb_classic_img.png; sourceTree = "<group>"; };
		441A91622857756100385F31 /* min_track_img.png */ = {isa = PBXFileReference; lastKnownFileType = image.png; path = min_track_img.png; sourceTree = "<group>"; };
		441A91632857756100385F31 /* thumb_classic_img@2x.png */ = {isa = PBXFileReference; lastKnownFileType = image.png; path = "thumb_classic_img@2x.png"; sourceTree = "<group>"; };
		441A91642857756100385F31 /* min_track_img@3x.png */ = {isa = PBXFileReference; lastKnownFileType = image.png; path = "min_track_img@3x.png"; sourceTree = "<group>"; };
		441A91652857756100385F31 /* max_track_img.png */ = {isa = PBXFileReference; lastKnownFileType = image.png; path = max_track_img.png; sourceTree = "<group>"; };
		441A91662857756100385F31 /* thumb_modern_img@3x.png */ = {isa = PBXFileReference; lastKnownFileType = image.png; path = "thumb_modern_img@3x.png"; sourceTree = "<group>"; };
		441A91672857756100385F31 /* min_track_img@2x.png */ = {isa = PBXFileReference; lastKnownFileType = image.png; path = "min_track_img@2x.png"; sourceTree = "<group>"; };
		441A91682857756100385F31 /* max_track_img@3x.png */ = {isa = PBXFileReference; lastKnownFileType = image.png; path = "max_track_img@3x.png"; sourceTree = "<group>"; };
		441A91772857758E00385F31 /* BDSteppedSlider.swift */ = {isa = PBXFileReference; fileEncoding = 4; lastKnownFileType = sourcecode.swift; path = BDSteppedSlider.swift; sourceTree = "<group>"; };
/* End PBXFileReference section */

/* Begin PBXFrameworksBuildPhase section */
		44110A6128563A5800CA27D0 /* Frameworks */ = {
			isa = PBXFrameworksBuildPhase;
			buildActionMask = 2147483647;
			files = (
			);
			runOnlyForDeploymentPostprocessing = 0;
		};
/* End PBXFrameworksBuildPhase section */

/* Begin PBXGroup section */
		44110A5A28563A5800CA27D0 = {
			isa = PBXGroup;
			children = (
				441A91762857758700385F31 /* Classes */,
				441A915C2857755200385F31 /* Resources */,
				44110A6528563A5800CA27D0 /* Products */,
			);
			sourceTree = "<group>";
		};
		44110A6528563A5800CA27D0 /* Products */ = {
			isa = PBXGroup;
			children = (
				44110A6428563A5800CA27D0 /* BDSteppedSlider.framework */,
			);
			name = Products;
			sourceTree = "<group>";
		};
		441A915C2857755200385F31 /* Resources */ = {
			isa = PBXGroup;
			children = (
				441A91652857756100385F31 /* max_track_img.png */,
				441A91602857756100385F31 /* max_track_img@2x.png */,
				441A91682857756100385F31 /* max_track_img@3x.png */,
				441A91622857756100385F31 /* min_track_img.png */,
				441A91672857756100385F31 /* min_track_img@2x.png */,
				441A91642857756100385F31 /* min_track_img@3x.png */,
				441A91612857756100385F31 /* thumb_classic_img.png */,
				441A91632857756100385F31 /* thumb_classic_img@2x.png */,
				441A915E2857756100385F31 /* thumb_classic_img@3x.png */,
				441A915F2857756100385F31 /* thumb_modern_img.png */,
				441A915D2857756100385F31 /* thumb_modern_img@2x.png */,
				441A91662857756100385F31 /* thumb_modern_img@3x.png */,
			);
			path = Resources;
			sourceTree = "<group>";
		};
		441A91762857758700385F31 /* Classes */ = {
			isa = PBXGroup;
			children = (
				441A91772857758E00385F31 /* BDSteppedSlider.swift */,
			);
			path = Classes;
			sourceTree = "<group>";
		};
/* End PBXGroup section */

/* Begin PBXHeadersBuildPhase section */
		44110A5F28563A5800CA27D0 /* Headers */ = {
			isa = PBXHeadersBuildPhase;
			buildActionMask = 2147483647;
			files = (
			);
			runOnlyForDeploymentPostprocessing = 0;
		};
/* End PBXHeadersBuildPhase section */

/* Begin PBXNativeTarget section */
		44110A6328563A5800CA27D0 /* BDSteppedSlider */ = {
			isa = PBXNativeTarget;
			buildConfigurationList = 44110A6D28563A5800CA27D0 /* Build configuration list for PBXNativeTarget "BDSteppedSlider" */;
			buildPhases = (
				44110A5F28563A5800CA27D0 /* Headers */,
				44110A6028563A5800CA27D0 /* Sources */,
				44110A6128563A5800CA27D0 /* Frameworks */,
				44110A6228563A5800CA27D0 /* Resources */,
			);
			buildRules = (
			);
			dependencies = (
			);
			name = BDSteppedSlider;
			productName = BDSteppedSlider;
			productReference = 44110A6428563A5800CA27D0 /* BDSteppedSlider.framework */;
			productType = "com.apple.product-type.framework";
		};
/* End PBXNativeTarget section */

/* Begin PBXProject section */
		44110A5B28563A5800CA27D0 /* Project object */ = {
			isa = PBXProject;
			attributes = {
				BuildIndependentTargetsInParallel = 1;
				LastUpgradeCheck = 1330;
				TargetAttributes = {
					44110A6328563A5800CA27D0 = {
						CreatedOnToolsVersion = 13.3.1;
					};
				};
			};
			buildConfigurationList = 44110A5E28563A5800CA27D0 /* Build configuration list for PBXProject "BDSteppedSlider" */;
			compatibilityVersion = "Xcode 13.0";
			developmentRegion = en;
			hasScannedForEncodings = 0;
			knownRegions = (
				en,
				Base,
			);
			mainGroup = 44110A5A28563A5800CA27D0;
			productRefGroup = 44110A6528563A5800CA27D0 /* Products */;
			projectDirPath = "";
			projectRoot = "";
			targets = (
				44110A6328563A5800CA27D0 /* BDSteppedSlider */,
			);
		};
/* End PBXProject section */

/* Begin PBXResourcesBuildPhase section */
		44110A6228563A5800CA27D0 /* Resources */ = {
			isa = PBXResourcesBuildPhase;
			buildActionMask = 2147483647;
			files = (
				441A91692857756100385F31 /* thumb_modern_img@2x.png in Resources */,
				441A916D2857756100385F31 /* thumb_classic_img.png in Resources */,
				441A91722857756100385F31 /* thumb_modern_img@3x.png in Resources */,
				441A916F2857756100385F31 /* thumb_classic_img@2x.png in Resources */,
				441A91732857756100385F31 /* min_track_img@2x.png in Resources */,
				441A916E2857756100385F31 /* min_track_img.png in Resources */,
				441A91702857756100385F31 /* min_track_img@3x.png in Resources */,
				441A916A2857756100385F31 /* thumb_classic_img@3x.png in Resources */,
				441A91742857756100385F31 /* max_track_img@3x.png in Resources */,
				441A916C2857756100385F31 /* max_track_img@2x.png in Resources */,
				441A91712857756100385F31 /* max_track_img.png in Resources */,
				441A916B2857756100385F31 /* thumb_modern_img.png in Resources */,
			);
			runOnlyForDeploymentPostprocessing = 0;
		};
/* End PBXResourcesBuildPhase section */

/* Begin PBXSourcesBuildPhase section */
		44110A6028563A5800CA27D0 /* Sources */ = {
			isa = PBXSourcesBuildPhase;
			buildActionMask = 2147483647;
			files = (
				441A91782857758E00385F31 /* BDSteppedSlider.swift in Sources */,
			);
			runOnlyForDeploymentPostprocessing = 0;
		};
/* End PBXSourcesBuildPhase section */

/* Begin XCBuildConfiguration section */
		44110A6B28563A5800CA27D0 /* Debug */ = {
			isa = XCBuildConfiguration;
			buildSettings = {
				ALWAYS_SEARCH_USER_PATHS = NO;
				CLANG_ANALYZER_NONNULL = YES;
				CLANG_ANALYZER_NUMBER_OBJECT_CONVERSION = YES_AGGRESSIVE;
				CLANG_CXX_LANGUAGE_STANDARD = "gnu++17";
				CLANG_ENABLE_MODULES = YES;
				CLANG_ENABLE_OBJC_ARC = YES;
				CLANG_ENABLE_OBJC_WEAK = YES;
				CLANG_WARN_BLOCK_CAPTURE_AUTORELEASING = YES;
				CLANG_WARN_BOOL_CONVERSION = YES;
				CLANG_WARN_COMMA = YES;
				CLANG_WARN_CONSTANT_CONVERSION = YES;
				CLANG_WARN_DEPRECATED_OBJC_IMPLEMENTATIONS = YES;
				CLANG_WARN_DIRECT_OBJC_ISA_USAGE = YES_ERROR;
				CLANG_WARN_DOCUMENTATION_COMMENTS = YES;
				CLANG_WARN_EMPTY_BODY = YES;
				CLANG_WARN_ENUM_CONVERSION = YES;
				CLANG_WARN_INFINITE_RECURSION = YES;
				CLANG_WARN_INT_CONVERSION = YES;
				CLANG_WARN_NON_LITERAL_NULL_CONVERSION = YES;
				CLANG_WARN_OBJC_IMPLICIT_RETAIN_SELF = YES;
				CLANG_WARN_OBJC_LITERAL_CONVERSION = YES;
				CLANG_WARN_OBJC_ROOT_CLASS = YES_ERROR;
				CLANG_WARN_QUOTED_INCLUDE_IN_FRAMEWORK_HEADER = YES;
				CLANG_WARN_RANGE_LOOP_ANALYSIS = YES;
				CLANG_WARN_STRICT_PROTOTYPES = YES;
				CLANG_WARN_SUSPICIOUS_MOVE = YES;
				CLANG_WARN_UNGUARDED_AVAILABILITY = YES_AGGRESSIVE;
				CLANG_WARN_UNREACHABLE_CODE = YES;
				CLANG_WARN__DUPLICATE_METHOD_MATCH = YES;
				COPY_PHASE_STRIP = NO;
				CURRENT_PROJECT_VERSION = 1;
				DEBUG_INFORMATION_FORMAT = dwarf;
				ENABLE_STRICT_OBJC_MSGSEND = YES;
				ENABLE_TESTABILITY = YES;
				GCC_C_LANGUAGE_STANDARD = gnu11;
				GCC_DYNAMIC_NO_PIC = NO;
				GCC_NO_COMMON_BLOCKS = YES;
				GCC_OPTIMIZATION_LEVEL = 0;
				GCC_PREPROCESSOR_DEFINITIONS = (
					"DEBUG=1",
					"$(inherited)",
				);
				GCC_WARN_64_TO_32_BIT_CONVERSION = YES;
				GCC_WARN_ABOUT_RETURN_TYPE = YES_ERROR;
				GCC_WARN_UNDECLARED_SELECTOR = YES;
				GCC_WARN_UNINITIALIZED_AUTOS = YES_AGGRESSIVE;
				GCC_WARN_UNUSED_FUNCTION = YES;
				GCC_WARN_UNUSED_VARIABLE = YES;
				IPHONEOS_DEPLOYMENT_TARGET = 15.4;
				MTL_ENABLE_DEBUG_INFO = INCLUDE_SOURCE;
				MTL_FAST_MATH = YES;
				ONLY_ACTIVE_ARCH = YES;
				SDKROOT = iphoneos;
				SWIFT_ACTIVE_COMPILATION_CONDITIONS = DEBUG;
				SWIFT_OPTIMIZATION_LEVEL = "-Onone";
				VERSIONING_SYSTEM = "apple-generic";
				VERSION_INFO_PREFIX = "";
			};
			name = Debug;
		};
		44110A6C28563A5800CA27D0 /* Release */ = {
			isa = XCBuildConfiguration;
			buildSettings = {
				ALWAYS_SEARCH_USER_PATHS = NO;
				CLANG_ANALYZER_NONNULL = YES;
				CLANG_ANALYZER_NUMBER_OBJECT_CONVERSION = YES_AGGRESSIVE;
				CLANG_CXX_LANGUAGE_STANDARD = "gnu++17";
				CLANG_ENABLE_MODULES = YES;
				CLANG_ENABLE_OBJC_ARC = YES;
				CLANG_ENABLE_OBJC_WEAK = YES;
				CLANG_WARN_BLOCK_CAPTURE_AUTORELEASING = YES;
				CLANG_WARN_BOOL_CONVERSION = YES;
				CLANG_WARN_COMMA = YES;
				CLANG_WARN_CONSTANT_CONVERSION = YES;
				CLANG_WARN_DEPRECATED_OBJC_IMPLEMENTATIONS = YES;
				CLANG_WARN_DIRECT_OBJC_ISA_USAGE = YES_ERROR;
				CLANG_WARN_DOCUMENTATION_COMMENTS = YES;
				CLANG_WARN_EMPTY_BODY = YES;
				CLANG_WARN_ENUM_CONVERSION = YES;
				CLANG_WARN_INFINITE_RECURSION = YES;
				CLANG_WARN_INT_CONVERSION = YES;
				CLANG_WARN_NON_LITERAL_NULL_CONVERSION = YES;
				CLANG_WARN_OBJC_IMPLICIT_RETAIN_SELF = YES;
				CLANG_WARN_OBJC_LITERAL_CONVERSION = YES;
				CLANG_WARN_OBJC_ROOT_CLASS = YES_ERROR;
				CLANG_WARN_QUOTED_INCLUDE_IN_FRAMEWORK_HEADER = YES;
				CLANG_WARN_RANGE_LOOP_ANALYSIS = YES;
				CLANG_WARN_STRICT_PROTOTYPES = YES;
				CLANG_WARN_SUSPICIOUS_MOVE = YES;
				CLANG_WARN_UNGUARDED_AVAILABILITY = YES_AGGRESSIVE;
				CLANG_WARN_UNREACHABLE_CODE = YES;
				CLANG_WARN__DUPLICATE_METHOD_MATCH = YES;
				COPY_PHASE_STRIP = NO;
				CURRENT_PROJECT_VERSION = 1;
				DEBUG_INFORMATION_FORMAT = "dwarf-with-dsym";
				ENABLE_NS_ASSERTIONS = NO;
				ENABLE_STRICT_OBJC_MSGSEND = YES;
				GCC_C_LANGUAGE_STANDARD = gnu11;
				GCC_NO_COMMON_BLOCKS = YES;
				GCC_WARN_64_TO_32_BIT_CONVERSION = YES;
				GCC_WARN_ABOUT_RETURN_TYPE = YES_ERROR;
				GCC_WARN_UNDECLARED_SELECTOR = YES;
				GCC_WARN_UNINITIALIZED_AUTOS = YES_AGGRESSIVE;
				GCC_WARN_UNUSED_FUNCTION = YES;
				GCC_WARN_UNUSED_VARIABLE = YES;
				IPHONEOS_DEPLOYMENT_TARGET = 15.4;
				MTL_ENABLE_DEBUG_INFO = NO;
				MTL_FAST_MATH = YES;
				SDKROOT = iphoneos;
				SWIFT_COMPILATION_MODE = wholemodule;
				SWIFT_OPTIMIZATION_LEVEL = "-O";
				VALIDATE_PRODUCT = YES;
				VERSIONING_SYSTEM = "apple-generic";
				VERSION_INFO_PREFIX = "";
			};
			name = Release;
		};
		44110A6E28563A5800CA27D0 /* Debug */ = {
			isa = XCBuildConfiguration;
			buildSettings = {
				CODE_SIGN_IDENTITY = "";
				CODE_SIGN_INJECT_BASE_ENTITLEMENTS = NO;
				CODE_SIGN_STYLE = Manual;
				CURRENT_PROJECT_VERSION = 1;
				DEFINES_MODULE = YES;
				DEVELOPMENT_TEAM = "";
				DYLIB_COMPATIBILITY_VERSION = 1;
				DYLIB_CURRENT_VERSION = 1;
				DYLIB_INSTALL_NAME_BASE = "@rpath";
				GENERATE_INFOPLIST_FILE = YES;
				INFOPLIST_KEY_NSHumanReadableCopyright = "";
				INSTALL_PATH = "$(LOCAL_LIBRARY_DIR)/Frameworks";
				LD_RUNPATH_SEARCH_PATHS = (
					"$(inherited)",
					"@executable_path/Frameworks",
					"@loader_path/Frameworks",
				);
				MARKETING_VERSION = 1.0;
				PRODUCT_BUNDLE_IDENTIFIER = com.tidbits.BDSteppedSlider;
				PRODUCT_NAME = "$(TARGET_NAME:c99extidentifier)";
				PROVISIONING_PROFILE_SPECIFIER = "";
				SKIP_INSTALL = YES;
				SUPPORTS_MACCATALYST = NO;
				SWIFT_EMIT_LOC_STRINGS = YES;
				SWIFT_VERSION = 5.0;
				TARGETED_DEVICE_FAMILY = "1,2";
			};
			name = Debug;
		};
		44110A6F28563A5800CA27D0 /* Release */ = {
			isa = XCBuildConfiguration;
			buildSettings = {
				CODE_SIGN_IDENTITY = "";
				CODE_SIGN_INJECT_BASE_ENTITLEMENTS = NO;
				CODE_SIGN_STYLE = Manual;
				CURRENT_PROJECT_VERSION = 1;
				DEFINES_MODULE = YES;
				DEVELOPMENT_TEAM = "";
				DYLIB_COMPATIBILITY_VERSION = 1;
				DYLIB_CURRENT_VERSION = 1;
				DYLIB_INSTALL_NAME_BASE = "@rpath";
				GENERATE_INFOPLIST_FILE = YES;
				INFOPLIST_KEY_NSHumanReadableCopyright = "";
				INSTALL_PATH = "$(LOCAL_LIBRARY_DIR)/Frameworks";
				LD_RUNPATH_SEARCH_PATHS = (
					"$(inherited)",
					"@executable_path/Frameworks",
					"@loader_path/Frameworks",
				);
				MARKETING_VERSION = 1.0;
				PRODUCT_BUNDLE_IDENTIFIER = com.tidbits.BDSteppedSlider;
				PRODUCT_NAME = "$(TARGET_NAME:c99extidentifier)";
				PROVISIONING_PROFILE_SPECIFIER = "";
				SKIP_INSTALL = YES;
				SUPPORTS_MACCATALYST = NO;
				SWIFT_EMIT_LOC_STRINGS = YES;
				SWIFT_VERSION = 5.0;
				TARGETED_DEVICE_FAMILY = "1,2";
			};
			name = Release;
		};
/* End XCBuildConfiguration section */

/* Begin XCConfigurationList section */
		44110A5E28563A5800CA27D0 /* Build configuration list for PBXProject "BDSteppedSlider" */ = {
			isa = XCConfigurationList;
			buildConfigurations = (
				44110A6B28563A5800CA27D0 /* Debug */,
				44110A6C28563A5800CA27D0 /* Release */,
			);
			defaultConfigurationIsVisible = 0;
			defaultConfigurationName = Release;
		};
		44110A6D28563A5800CA27D0 /* Build configuration list for PBXNativeTarget "BDSteppedSlider" */ = {
			isa = XCConfigurationList;
			buildConfigurations = (
				44110A6E28563A5800CA27D0 /* Debug */,
				44110A6F28563A5800CA27D0 /* Release */,
			);
			defaultConfigurationIsVisible = 0;
			defaultConfigurationName = Release;
		};
/* End XCConfigurationList section */
	};
	rootObject = 44110A5B28563A5800CA27D0 /* Project object */;
}
